
Microsoft Visual Studio Solution File, Format Version 12.00
# Visual Studio Version 17
VisualStudioVersion = 17.6.33829.357
MinimumVisualStudioVersion = 10.0.40219.1
Project("{FAE04EC0-301F-11D3-BF4B-00C04F79EFBC}") = "ConnectClass", "ConnectClass\ConnectClass.csproj", "{BADE9463-BFD1-44F5-9ACD-C437D67C32F2}"
EndProject
Project("{FAE04EC0-301F-11D3-BF4B-00C04F79EFBC}") = "InfoClass", "InfoClass\InfoClass.csproj", "{BB8207BB-5CD1-4DFC-97F4-DDA5D8C8F237}"
EndProject
Project("{FAE04EC0-301F-11D3-BF4B-00C04F79EFBC}") = "TcpClient", "TcpClient\TcpClient.csproj", "{F9901E95-9584-42DD-9144-E90F073B2E69}"
EndProject
Global
	GlobalSection(SolutionConfigurationPlatforms) = preSolution
		Debug|Any CPU = Debug|Any CPU
		Release|Any CPU = Release|Any CPU
	EndGlobalSection
	GlobalSection(ProjectConfigurationPlatforms) = postSolution
		{BADE9463-BFD1-44F5-9ACD-C437D67C32F2}.Debug|Any CPU.ActiveCfg = Debug|Any CPU
		{BADE9463-BFD1-44F5-9ACD-C437D67C32F2}.Debug|Any CPU.Build.0 = Debug|Any CPU
		{BADE9463-BFD1-44F5-9ACD-C437D67C32F2}.Release|Any CPU.ActiveCfg = Release|Any CPU
		{BADE9463-BFD1-44F5-9ACD-C437D67C32F2}.Release|Any CPU.Build.0 = Release|Any CPU
		{BB8207BB-5CD1-4DFC-97F4-DDA5D8C8F237}.Debug|Any CPU.ActiveCfg = Debug|Any CPU
		{BB8207BB-5CD1-4DFC-97F4-DDA5D8C8F237}.Debug|Any CPU.Build.0 = Debug|Any CPU
		{BB8207BB-5CD1-4DFC-97F4-DDA5D8C8F237}.Release|Any CPU.ActiveCfg = Release|Any CPU
		{BB8207BB-5CD1-4DFC-97F4-DDA5D8C8F237}.Release|Any CPU.Build.0 = Release|Any CPU
		{F9901E95-9584-42DD-9144-E90F073B2E69}.Debug|Any CPU.ActiveCfg = Debug|Any CPU
		{F9901E95-9584-42DD-9144-E90F073B2E69}.Debug|Any CPU.Build.0 = Debug|Any CPU
		{F9901E95-9584-42DD-9144-E90F073B2E69}.Release|Any CPU.ActiveCfg = Release|Any CPU
		{F9901E95-9584-42DD-9144-E90F073B2E69}.Release|Any CPU.Build.0 = Release|Any CPU
	EndGlobalSection
	GlobalSection(SolutionProperties) = preSolution
		HideSolutionNode = FALSE
	EndGlobalSection
	GlobalSection(ExtensibilityGlobals) = postSolution
		SolutionGuid = {1A2F0C94-FA69-4AA0-AC30-E01C016131AC}
	EndGlobalSection
EndGlobal
